
Microsoft Visual Studio Solution File, Format Version 12.00
# Visual Studio Version 17
VisualStudioVersion = 17.5.33502.453
MinimumVisualStudioVersion = 10.0.40219.1
Project("{FAE04EC0-301F-11D3-BF4B-00C04F79EFBC}") = "ConsoleApp34", "ConsoleApp34\ConsoleApp34.csproj", "{90698FC4-12E8-4E42-A60E-FF485CC415E2}"
EndProject
Global
	GlobalSection(SolutionConfigurationPlatforms) = preSolution
		Debug|Any CPU = Debug|Any CPU
		Release|Any CPU = Release|Any CPU
	EndGlobalSection
	GlobalSection(ProjectConfigurationPlatforms) = postSolution
		{90698FC4-12E8-4E42-A60E-FF485CC415E2}.Debug|Any CPU.ActiveCfg = Debug|Any CPU
		{90698FC4-12E8-4E42-A60E-FF485CC415E2}.Debug|Any CPU.Build.0 = Debug|Any CPU
		{90698FC4-12E8-4E42-A60E-FF485CC415E2}.Release|Any CPU.ActiveCfg = Release|Any CPU
		{90698FC4-12E8-4E42-A60E-FF485CC415E2}.Release|Any CPU.Build.0 = Release|Any CPU
	EndGlobalSection
	GlobalSection(SolutionProperties) = preSolution
		HideSolutionNode = FALSE
	EndGlobalSection
	GlobalSection(ExtensibilityGlobals) = postSolution
		SolutionGuid = {573AE374-3B28-4FD3-8153-24D48BEB0F7D}
	EndGlobalSection
EndGlobal
